
Microsoft Visual Studio Solution File, Format Version 12.00
# Visual Studio Version 16
VisualStudioVersion = 16.0.29409.12
MinimumVisualStudioVersion = 10.0.40219.1
Project("{FAE04EC0-301F-11D3-BF4B-00C04F79EFBC}") = "MeioMundo", "MeioMundo\MeioMundo.csproj", "{3FF60CDA-C144-4303-A4F3-9B19D1BE5A8B}"
EndProject
Project("{FAE04EC0-301F-11D3-BF4B-00C04F79EFBC}") = "MeioMundoWPF", "MeioMundoWPF\MeioMundoWPF.csproj", "{2234D1ED-85E5-4A71-A711-891B68C120BA}"
EndProject
Project("{FAE04EC0-301F-11D3-BF4B-00C04F79EFBC}") = "Tools", "Tools\Tools.csproj", "{3966D7FC-C09E-477F-9BA2-26C69B3B04FC}"
EndProject
Global
	GlobalSection(SolutionConfigurationPlatforms) = preSolution
		Debug|Any CPU = Debug|Any CPU
		Release|Any CPU = Release|Any CPU
	EndGlobalSection
	GlobalSection(ProjectConfigurationPlatforms) = postSolution
		{3FF60CDA-C144-4303-A4F3-9B19D1BE5A8B}.Debug|Any CPU.ActiveCfg = Debug|Any CPU
		{3FF60CDA-C144-4303-A4F3-9B19D1BE5A8B}.Debug|Any CPU.Build.0 = Debug|Any CPU
		{3FF60CDA-C144-4303-A4F3-9B19D1BE5A8B}.Release|Any CPU.ActiveCfg = Release|Any CPU
		{3FF60CDA-C144-4303-A4F3-9B19D1BE5A8B}.Release|Any CPU.Build.0 = Release|Any CPU
		{2234D1ED-85E5-4A71-A711-891B68C120BA}.Debug|Any CPU.ActiveCfg = Debug|Any CPU
		{2234D1ED-85E5-4A71-A711-891B68C120BA}.Debug|Any CPU.Build.0 = Debug|Any CPU
		{2234D1ED-85E5-4A71-A711-891B68C120BA}.Release|Any CPU.ActiveCfg = Release|Any CPU
		{2234D1ED-85E5-4A71-A711-891B68C120BA}.Release|Any CPU.Build.0 = Release|Any CPU
		{3966D7FC-C09E-477F-9BA2-26C69B3B04FC}.Debug|Any CPU.ActiveCfg = Debug|Any CPU
		{3966D7FC-C09E-477F-9BA2-26C69B3B04FC}.Debug|Any CPU.Build.0 = Debug|Any CPU
		{3966D7FC-C09E-477F-9BA2-26C69B3B04FC}.Release|Any CPU.ActiveCfg = Release|Any CPU
		{3966D7FC-C09E-477F-9BA2-26C69B3B04FC}.Release|Any CPU.Build.0 = Release|Any CPU
	EndGlobalSection
	GlobalSection(SolutionProperties) = preSolution
		HideSolutionNode = FALSE
	EndGlobalSection
	GlobalSection(ExtensibilityGlobals) = postSolution
		SolutionGuid = {0E474519-641E-41C8-BA94-1DF39B5077E3}
	EndGlobalSection
EndGlobal
