
Microsoft Visual Studio Solution File, Format Version 12.00
# Visual Studio Version 16
VisualStudioVersion = 16.0.29409.12
MinimumVisualStudioVersion = 10.0.40219.1
Project("{FAE04EC0-301F-11D3-BF4B-00C04F79EFBC}") = "MeioMundoWPF", "MeioMundoWPF\MeioMundoWPF.csproj", "{2234D1ED-85E5-4A71-A711-891B68C120BA}"
EndProject
Project("{FAE04EC0-301F-11D3-BF4B-00C04F79EFBC}") = "Tools", "Tools\Tools.csproj", "{3966D7FC-C09E-477F-9BA2-26C69B3B04FC}"
EndProject
Project("{FAE04EC0-301F-11D3-BF4B-00C04F79EFBC}") = "MeioMundo.Editor", "Meio Mundo Editor\MeioMundo.Editor.csproj", "{B8ADB169-34B4-43C6-B7D3-904FE8210ADA}"
EndProject
Project("{FAE04EC0-301F-11D3-BF4B-00C04F79EFBC}") = "MeioMundo.Editor.Ferramentas", "..\..\MeioMundo.Editor.Ferramentas\MeioMundo.Editor.Ferramentas\MeioMundo.Editor.Ferramentas.csproj", "{757803AA-7836-4E1E-B4D3-CBC04337BA43}"
EndProject
Project("{FAE04EC0-301F-11D3-BF4B-00C04F79EFBC}") = "MeioMundo.Editor.API", "MeioMundo.Editor.API\MeioMundo.Editor.API.csproj", "{0585C647-5017-4546-AA03-3441E1CEA7FF}"
EndProject
Global
	GlobalSection(SolutionConfigurationPlatforms) = preSolution
		Debug|Any CPU = Debug|Any CPU
		Release|Any CPU = Release|Any CPU
	EndGlobalSection
	GlobalSection(ProjectConfigurationPlatforms) = postSolution
		{2234D1ED-85E5-4A71-A711-891B68C120BA}.Debug|Any CPU.ActiveCfg = Debug|Any CPU
		{2234D1ED-85E5-4A71-A711-891B68C120BA}.Debug|Any CPU.Build.0 = Debug|Any CPU
		{2234D1ED-85E5-4A71-A711-891B68C120BA}.Release|Any CPU.ActiveCfg = Release|Any CPU
		{2234D1ED-85E5-4A71-A711-891B68C120BA}.Release|Any CPU.Build.0 = Release|Any CPU
		{3966D7FC-C09E-477F-9BA2-26C69B3B04FC}.Debug|Any CPU.ActiveCfg = Debug|Any CPU
		{3966D7FC-C09E-477F-9BA2-26C69B3B04FC}.Debug|Any CPU.Build.0 = Debug|Any CPU
		{3966D7FC-C09E-477F-9BA2-26C69B3B04FC}.Release|Any CPU.ActiveCfg = Release|Any CPU
		{3966D7FC-C09E-477F-9BA2-26C69B3B04FC}.Release|Any CPU.Build.0 = Release|Any CPU
		{B8ADB169-34B4-43C6-B7D3-904FE8210ADA}.Debug|Any CPU.ActiveCfg = Debug|Any CPU
		{B8ADB169-34B4-43C6-B7D3-904FE8210ADA}.Debug|Any CPU.Build.0 = Debug|Any CPU
		{B8ADB169-34B4-43C6-B7D3-904FE8210ADA}.Release|Any CPU.ActiveCfg = Release|Any CPU
		{B8ADB169-34B4-43C6-B7D3-904FE8210ADA}.Release|Any CPU.Build.0 = Release|Any CPU
		{757803AA-7836-4E1E-B4D3-CBC04337BA43}.Debug|Any CPU.ActiveCfg = Debug|Any CPU
		{757803AA-7836-4E1E-B4D3-CBC04337BA43}.Debug|Any CPU.Build.0 = Debug|Any CPU
		{757803AA-7836-4E1E-B4D3-CBC04337BA43}.Release|Any CPU.ActiveCfg = Release|Any CPU
		{757803AA-7836-4E1E-B4D3-CBC04337BA43}.Release|Any CPU.Build.0 = Release|Any CPU
		{0585C647-5017-4546-AA03-3441E1CEA7FF}.Debug|Any CPU.ActiveCfg = Debug|Any CPU
		{0585C647-5017-4546-AA03-3441E1CEA7FF}.Debug|Any CPU.Build.0 = Debug|Any CPU
		{0585C647-5017-4546-AA03-3441E1CEA7FF}.Release|Any CPU.ActiveCfg = Release|Any CPU
		{0585C647-5017-4546-AA03-3441E1CEA7FF}.Release|Any CPU.Build.0 = Release|Any CPU
	EndGlobalSection
	GlobalSection(SolutionProperties) = preSolution
		HideSolutionNode = FALSE
	EndGlobalSection
	GlobalSection(ExtensibilityGlobals) = postSolution
		SolutionGuid = {0E474519-641E-41C8-BA94-1DF39B5077E3}
	EndGlobalSection
EndGlobal
